
Microsoft Visual Studio Solution File, Format Version 12.00
# Visual Studio Version 16
VisualStudioVersion = 16.0.31025.218
MinimumVisualStudioVersion = 10.0.40219.1
Project("{FAE04EC0-301F-11D3-BF4B-00C04F79EFBC}") = "AirBNB-React-App", "AirBNB-React-App\AirBNB-React-App.csproj", "{698957F8-CF1E-4B6C-8195-5FC4C7F05F5A}"
EndProject
Project("{FAE04EC0-301F-11D3-BF4B-00C04F79EFBC}") = "IdentityServer", "IdentityServer\IdentityServer.csproj", "{AC9FBB7D-6F1E-45D1-AEEC-E514829FA527}"
EndProject
Global
	GlobalSection(SolutionConfigurationPlatforms) = preSolution
		Debug|Any CPU = Debug|Any CPU
		Release|Any CPU = Release|Any CPU
	EndGlobalSection
	GlobalSection(ProjectConfigurationPlatforms) = postSolution
		{698957F8-CF1E-4B6C-8195-5FC4C7F05F5A}.Debug|Any CPU.ActiveCfg = Debug|Any CPU
		{698957F8-CF1E-4B6C-8195-5FC4C7F05F5A}.Debug|Any CPU.Build.0 = Debug|Any CPU
		{698957F8-CF1E-4B6C-8195-5FC4C7F05F5A}.Release|Any CPU.ActiveCfg = Release|Any CPU
		{698957F8-CF1E-4B6C-8195-5FC4C7F05F5A}.Release|Any CPU.Build.0 = Release|Any CPU
		{AC9FBB7D-6F1E-45D1-AEEC-E514829FA527}.Debug|Any CPU.ActiveCfg = Debug|Any CPU
		{AC9FBB7D-6F1E-45D1-AEEC-E514829FA527}.Debug|Any CPU.Build.0 = Debug|Any CPU
		{AC9FBB7D-6F1E-45D1-AEEC-E514829FA527}.Release|Any CPU.ActiveCfg = Release|Any CPU
		{AC9FBB7D-6F1E-45D1-AEEC-E514829FA527}.Release|Any CPU.Build.0 = Release|Any CPU
	EndGlobalSection
	GlobalSection(SolutionProperties) = preSolution
		HideSolutionNode = FALSE
	EndGlobalSection
	GlobalSection(ExtensibilityGlobals) = postSolution
		SolutionGuid = {BCDE9453-C214-42B0-BD13-310139166979}
	EndGlobalSection
EndGlobal
